
Microsoft Visual Studio Solution File, Format Version 12.00
# Visual Studio Version 17
VisualStudioVersion = 17.0.31919.166
MinimumVisualStudioVersion = 10.0.40219.1
Project("{FAE04EC0-301F-11D3-BF4B-00C04F79EFBC}") = "ConferenceSolution", "ConferenceSolution\ConferenceSolution.csproj", "{67CBE15D-4597-46A3-AB08-9CBB56A6C8CF}"
EndProject
Global
	GlobalSection(SolutionConfigurationPlatforms) = preSolution
		Debug|Any CPU = Debug|Any CPU
		Release|Any CPU = Release|Any CPU
	EndGlobalSection
	GlobalSection(ProjectConfigurationPlatforms) = postSolution
		{67CBE15D-4597-46A3-AB08-9CBB56A6C8CF}.Debug|Any CPU.ActiveCfg = Debug|Any CPU
		{67CBE15D-4597-46A3-AB08-9CBB56A6C8CF}.Debug|Any CPU.Build.0 = Debug|Any CPU
		{67CBE15D-4597-46A3-AB08-9CBB56A6C8CF}.Release|Any CPU.ActiveCfg = Release|Any CPU
		{67CBE15D-4597-46A3-AB08-9CBB56A6C8CF}.Release|Any CPU.Build.0 = Release|Any CPU
	EndGlobalSection
	GlobalSection(SolutionProperties) = preSolution
		HideSolutionNode = FALSE
	EndGlobalSection
	GlobalSection(ExtensibilityGlobals) = postSolution
		SolutionGuid = {DDE9DA4B-8DAF-4760-86E7-CB6A56AC3E97}
	EndGlobalSection
EndGlobal
